// !$*UTF8*$!
{
	archiveVersion = 1;
	classes = {
	};
	objectVersion = 56;
	objects = {

/* Begin PBXBuildFile section */
		535E0ED8297FFF3300B1DECC /* CoreDataProfileTableViewController.swift in Sources */ = {isa = PBXBuildFile; fileRef = 535E0ED7297FFF3300B1DECC /* CoreDataProfileTableViewController.swift */; };
		535E0EDA297FFF4800B1DECC /* CoreDataEditProfileTableViewController.swift in Sources */ = {isa = PBXBuildFile; fileRef = 535E0ED9297FFF4800B1DECC /* CoreDataEditProfileTableViewController.swift */; };
		535E0EDC297FFF6000B1DECC /* CoreDataProfileDetailTableViewController.swift in Sources */ = {isa = PBXBuildFile; fileRef = 535E0EDB297FFF6000B1DECC /* CoreDataProfileDetailTableViewController.swift */; };
		53C8A42A292DE48C00E6B9D1 /* AppDelegate.swift in Sources */ = {isa = PBXBuildFile; fileRef = 53C8A429292DE48C00E6B9D1 /* AppDelegate.swift */; };
		53C8A42C292DE48C00E6B9D1 /* SceneDelegate.swift in Sources */ = {isa = PBXBuildFile; fileRef = 53C8A42B292DE48C00E6B9D1 /* SceneDelegate.swift */; };
		53C8A431292DE48C00E6B9D1 /* Main.storyboard in Resources */ = {isa = PBXBuildFile; fileRef = 53C8A42F292DE48C00E6B9D1 /* Main.storyboard */; };
		53C8A434292DE48C00E6B9D1 /* CoreDataProfile.xcdatamodeld in Sources */ = {isa = PBXBuildFile; fileRef = 53C8A432292DE48C00E6B9D1 /* CoreDataProfile.xcdatamodeld */; };
		53C8A436292DE48E00E6B9D1 /* Assets.xcassets in Resources */ = {isa = PBXBuildFile; fileRef = 53C8A435292DE48E00E6B9D1 /* Assets.xcassets */; };
		53C8A439292DE48E00E6B9D1 /* LaunchScreen.storyboard in Resources */ = {isa = PBXBuildFile; fileRef = 53C8A437292DE48E00E6B9D1 /* LaunchScreen.storyboard */; };
		53C8A45D292DE4D300E6B9D1 /* ProfileTableViewController.swift in Sources */ = {isa = PBXBuildFile; fileRef = 53C8A45C292DE4D300E6B9D1 /* ProfileTableViewController.swift */; };
		53C8A45F292DE4E500E6B9D1 /* EditProfileTableViewController.swift in Sources */ = {isa = PBXBuildFile; fileRef = 53C8A45E292DE4E500E6B9D1 /* EditProfileTableViewController.swift */; };
		53C8A462292DEAC800E6B9D1 /* Profile.swift in Sources */ = {isa = PBXBuildFile; fileRef = 53C8A461292DEAC800E6B9D1 /* Profile.swift */; };
		53C8A4652931ED0800E6B9D1 /* ProfileDetailTableViewController.swift in Sources */ = {isa = PBXBuildFile; fileRef = 53C8A4642931ED0800E6B9D1 /* ProfileDetailTableViewController.swift */; };
		53C8A4AA2935ED7500E6B9D1 /* DocumentsProfileTableViewController.swift in Sources */ = {isa = PBXBuildFile; fileRef = 53C8A4A92935ED7500E6B9D1 /* DocumentsProfileTableViewController.swift */; };
		53C8A4AC2935ED9500E6B9D1 /* DocumentsEditProfileTableViewController.swift in Sources */ = {isa = PBXBuildFile; fileRef = 53C8A4AB2935ED9500E6B9D1 /* DocumentsEditProfileTableViewController.swift */; };
		53C8A4AE293602A600E6B9D1 /* DocumentsDetailProfileTableViewController.swift in Sources */ = {isa = PBXBuildFile; fileRef = 53C8A4AD293602A600E6B9D1 /* DocumentsDetailProfileTableViewController.swift */; };
/* End PBXBuildFile section */

/* Begin PBXContainerItemProxy section */
		53C8A440292DE48E00E6B9D1 /* PBXContainerItemProxy */ = {
			isa = PBXContainerItemProxy;
			containerPortal = 53C8A41E292DE48C00E6B9D1 /* Project object */;
			proxyType = 1;
			remoteGlobalIDString = 53C8A425292DE48C00E6B9D1;
			remoteInfo = UnwindSeguePractice;
		};
		53C8A44A292DE48E00E6B9D1 /* PBXContainerItemProxy */ = {
			isa = PBXContainerItemProxy;
			containerPortal = 53C8A41E292DE48C00E6B9D1 /* Project object */;
			proxyType = 1;
			remoteGlobalIDString = 53C8A425292DE48C00E6B9D1;
			remoteInfo = UnwindSeguePractice;
		};
/* End PBXContainerItemProxy section */

/* Begin PBXFileReference section */
		535E0ED7297FFF3300B1DECC /* CoreDataProfileTableViewController.swift */ = {isa = PBXFileReference; lastKnownFileType = sourcecode.swift; path = CoreDataProfileTableViewController.swift; sourceTree = "<group>"; };
		535E0ED9297FFF4800B1DECC /* CoreDataEditProfileTableViewController.swift */ = {isa = PBXFileReference; lastKnownFileType = sourcecode.swift; path = CoreDataEditProfileTableViewController.swift; sourceTree = "<group>"; };
		535E0EDB297FFF6000B1DECC /* CoreDataProfileDetailTableViewController.swift */ = {isa = PBXFileReference; lastKnownFileType = sourcecode.swift; path = CoreDataProfileDetailTableViewController.swift; sourceTree = "<group>"; };
		53C8A426292DE48C00E6B9D1 /* UnwindSeguePractice.app */ = {isa = PBXFileReference; explicitFileType = wrapper.application; includeInIndex = 0; path = UnwindSeguePractice.app; sourceTree = BUILT_PRODUCTS_DIR; };
		53C8A429292DE48C00E6B9D1 /* AppDelegate.swift */ = {isa = PBXFileReference; lastKnownFileType = sourcecode.swift; path = AppDelegate.swift; sourceTree = "<group>"; };
		53C8A42B292DE48C00E6B9D1 /* SceneDelegate.swift */ = {isa = PBXFileReference; lastKnownFileType = sourcecode.swift; path = SceneDelegate.swift; sourceTree = "<group>"; };
		53C8A430292DE48C00E6B9D1 /* Base */ = {isa = PBXFileReference; lastKnownFileType = file.storyboard; name = Base; path = Base.lproj/Main.storyboard; sourceTree = "<group>"; };
		53C8A433292DE48C00E6B9D1 /* UnwindSeguePractice.xcdatamodel */ = {isa = PBXFileReference; lastKnownFileType = wrapper.xcdatamodel; path = UnwindSeguePractice.xcdatamodel; sourceTree = "<group>"; };
		53C8A435292DE48E00E6B9D1 /* Assets.xcassets */ = {isa = PBXFileReference; lastKnownFileType = folder.assetcatalog; path = Assets.xcassets; sourceTree = "<group>"; };
		53C8A438292DE48E00E6B9D1 /* Base */ = {isa = PBXFileReference; lastKnownFileType = file.storyboard; name = Base; path = Base.lproj/LaunchScreen.storyboard; sourceTree = "<group>"; };
		53C8A43A292DE48E00E6B9D1 /* Info.plist */ = {isa = PBXFileReference; lastKnownFileType = text.plist.xml; path = Info.plist; sourceTree = "<group>"; };
		53C8A43F292DE48E00E6B9D1 /* UnwindSeguePracticeTests.xctest */ = {isa = PBXFileReference; explicitFileType = wrapper.cfbundle; includeInIndex = 0; path = UnwindSeguePracticeTests.xctest; sourceTree = BUILT_PRODUCTS_DIR; };
		53C8A449292DE48E00E6B9D1 /* UnwindSeguePracticeUITests.xctest */ = {isa = PBXFileReference; explicitFileType = wrapper.cfbundle; includeInIndex = 0; path = UnwindSeguePracticeUITests.xctest; sourceTree = BUILT_PRODUCTS_DIR; };
		53C8A45C292DE4D300E6B9D1 /* ProfileTableViewController.swift */ = {isa = PBXFileReference; lastKnownFileType = sourcecode.swift; path = ProfileTableViewController.swift; sourceTree = "<group>"; };
		53C8A45E292DE4E500E6B9D1 /* EditProfileTableViewController.swift */ = {isa = PBXFileReference; lastKnownFileType = sourcecode.swift; path = EditProfileTableViewController.swift; sourceTree = "<group>"; };
		53C8A461292DEAC800E6B9D1 /* Profile.swift */ = {isa = PBXFileReference; lastKnownFileType = sourcecode.swift; path = Profile.swift; sourceTree = "<group>"; };
		53C8A4642931ED0800E6B9D1 /* ProfileDetailTableViewController.swift */ = {isa = PBXFileReference; lastKnownFileType = sourcecode.swift; path = ProfileDetailTableViewController.swift; sourceTree = "<group>"; };
		53C8A4A92935ED7500E6B9D1 /* DocumentsProfileTableViewController.swift */ = {isa = PBXFileReference; lastKnownFileType = sourcecode.swift; path = DocumentsProfileTableViewController.swift; sourceTree = "<group>"; };
		53C8A4AB2935ED9500E6B9D1 /* DocumentsEditProfileTableViewController.swift */ = {isa = PBXFileReference; lastKnownFileType = sourcecode.swift; path = DocumentsEditProfileTableViewController.swift; sourceTree = "<group>"; };
		53C8A4AD293602A600E6B9D1 /* DocumentsDetailProfileTableViewController.swift */ = {isa = PBXFileReference; lastKnownFileType = sourcecode.swift; path = DocumentsDetailProfileTableViewController.swift; sourceTree = "<group>"; };
/* End PBXFileReference section */

/* Begin PBXFrameworksBuildPhase section */
		53C8A423292DE48C00E6B9D1 /* Frameworks */ = {
			isa = PBXFrameworksBuildPhase;
			buildActionMask = 2147483647;
			files = (
			);
			runOnlyForDeploymentPostprocessing = 0;
		};
		53C8A43C292DE48E00E6B9D1 /* Frameworks */ = {
			isa = PBXFrameworksBuildPhase;
			buildActionMask = 2147483647;
			files = (
			);
			runOnlyForDeploymentPostprocessing = 0;
		};
		53C8A446292DE48E00E6B9D1 /* Frameworks */ = {
			isa = PBXFrameworksBuildPhase;
			buildActionMask = 2147483647;
			files = (
			);
			runOnlyForDeploymentPostprocessing = 0;
		};
/* End PBXFrameworksBuildPhase section */

/* Begin PBXGroup section */
		53C8A41D292DE48C00E6B9D1 = {
			isa = PBXGroup;
			children = (
				53C8A428292DE48C00E6B9D1 /* UnwindSeguePractice */,
				53C8A427292DE48C00E6B9D1 /* Products */,
			);
			sourceTree = "<group>";
		};
		53C8A427292DE48C00E6B9D1 /* Products */ = {
			isa = PBXGroup;
			children = (
				53C8A426292DE48C00E6B9D1 /* UnwindSeguePractice.app */,
				53C8A43F292DE48E00E6B9D1 /* UnwindSeguePracticeTests.xctest */,
				53C8A449292DE48E00E6B9D1 /* UnwindSeguePracticeUITests.xctest */,
			);
			name = Products;
			sourceTree = "<group>";
		};
		53C8A428292DE48C00E6B9D1 /* UnwindSeguePractice */ = {
			isa = PBXGroup;
			children = (
				53C8A460292DE4F300E6B9D1 /* Controller */,
				53C8A461292DEAC800E6B9D1 /* Profile.swift */,
				53C8A429292DE48C00E6B9D1 /* AppDelegate.swift */,
				53C8A42B292DE48C00E6B9D1 /* SceneDelegate.swift */,
				53C8A42F292DE48C00E6B9D1 /* Main.storyboard */,
				53C8A435292DE48E00E6B9D1 /* Assets.xcassets */,
				53C8A437292DE48E00E6B9D1 /* LaunchScreen.storyboard */,
				53C8A43A292DE48E00E6B9D1 /* Info.plist */,
				53C8A432292DE48C00E6B9D1 /* CoreDataProfile.xcdatamodeld */,
			);
			path = UnwindSeguePractice;
			sourceTree = "<group>";
		};
		53C8A460292DE4F300E6B9D1 /* Controller */ = {
			isa = PBXGroup;
			children = (
				53C8A45C292DE4D300E6B9D1 /* ProfileTableViewController.swift */,
				53C8A45E292DE4E500E6B9D1 /* EditProfileTableViewController.swift */,
				53C8A4642931ED0800E6B9D1 /* ProfileDetailTableViewController.swift */,
				535E0ED7297FFF3300B1DECC /* CoreDataProfileTableViewController.swift */,
				535E0ED9297FFF4800B1DECC /* CoreDataEditProfileTableViewController.swift */,
				535E0EDB297FFF6000B1DECC /* CoreDataProfileDetailTableViewController.swift */,
				53C8A4A92935ED7500E6B9D1 /* DocumentsProfileTableViewController.swift */,
				53C8A4AB2935ED9500E6B9D1 /* DocumentsEditProfileTableViewController.swift */,
				53C8A4AD293602A600E6B9D1 /* DocumentsDetailProfileTableViewController.swift */,
			);
			path = Controller;
			sourceTree = "<group>";
		};
/* End PBXGroup section */

/* Begin PBXNativeTarget section */
		53C8A425292DE48C00E6B9D1 /* UnwindSeguePractice */ = {
			isa = PBXNativeTarget;
			buildConfigurationList = 53C8A453292DE48E00E6B9D1 /* Build configuration list for PBXNativeTarget "UnwindSeguePractice" */;
			buildPhases = (
				53C8A422292DE48C00E6B9D1 /* Sources */,
				53C8A423292DE48C00E6B9D1 /* Frameworks */,
				53C8A424292DE48C00E6B9D1 /* Resources */,
			);
			buildRules = (
			);
			dependencies = (
			);
			name = UnwindSeguePractice;
			productName = UnwindSeguePractice;
			productReference = 53C8A426292DE48C00E6B9D1 /* UnwindSeguePractice.app */;
			productType = "com.apple.product-type.application";
		};
		53C8A43E292DE48E00E6B9D1 /* UnwindSeguePracticeTests */ = {
			isa = PBXNativeTarget;
			buildConfigurationList = 53C8A456292DE48E00E6B9D1 /* Build configuration list for PBXNativeTarget "UnwindSeguePracticeTests" */;
			buildPhases = (
				53C8A43B292DE48E00E6B9D1 /* Sources */,
				53C8A43C292DE48E00E6B9D1 /* Frameworks */,
				53C8A43D292DE48E00E6B9D1 /* Resources */,
			);
			buildRules = (
			);
			dependencies = (
				53C8A441292DE48E00E6B9D1 /* PBXTargetDependency */,
			);
			name = UnwindSeguePracticeTests;
			productName = UnwindSeguePracticeTests;
			productReference = 53C8A43F292DE48E00E6B9D1 /* UnwindSeguePracticeTests.xctest */;
			productType = "com.apple.product-type.bundle.unit-test";
		};
		53C8A448292DE48E00E6B9D1 /* UnwindSeguePracticeUITests */ = {
			isa = PBXNativeTarget;
			buildConfigurationList = 53C8A459292DE48E00E6B9D1 /* Build configuration list for PBXNativeTarget "UnwindSeguePracticeUITests" */;
			buildPhases = (
				53C8A445292DE48E00E6B9D1 /* Sources */,
				53C8A446292DE48E00E6B9D1 /* Frameworks */,
				53C8A447292DE48E00E6B9D1 /* Resources */,
			);
			buildRules = (
			);
			dependencies = (
				53C8A44B292DE48E00E6B9D1 /* PBXTargetDependency */,
			);
			name = UnwindSeguePracticeUITests;
			productName = UnwindSeguePracticeUITests;
			productReference = 53C8A449292DE48E00E6B9D1 /* UnwindSeguePracticeUITests.xctest */;
			productType = "com.apple.product-type.bundle.ui-testing";
		};
/* End PBXNativeTarget section */

/* Begin PBXProject section */
		53C8A41E292DE48C00E6B9D1 /* Project object */ = {
			isa = PBXProject;
			attributes = {
				BuildIndependentTargetsInParallel = 1;
				LastSwiftUpdateCheck = 1410;
				LastUpgradeCheck = 1410;
				TargetAttributes = {
					53C8A425292DE48C00E6B9D1 = {
						CreatedOnToolsVersion = 14.1;
					};
					53C8A43E292DE48E00E6B9D1 = {
						CreatedOnToolsVersion = 14.1;
						TestTargetID = 53C8A425292DE48C00E6B9D1;
					};
					53C8A448292DE48E00E6B9D1 = {
						CreatedOnToolsVersion = 14.1;
						TestTargetID = 53C8A425292DE48C00E6B9D1;
					};
				};
			};
			buildConfigurationList = 53C8A421292DE48C00E6B9D1 /* Build configuration list for PBXProject "UnwindSeguePractice" */;
			compatibilityVersion = "Xcode 14.0";
			developmentRegion = en;
			hasScannedForEncodings = 0;
			knownRegions = (
				en,
				Base,
			);
			mainGroup = 53C8A41D292DE48C00E6B9D1;
			productRefGroup = 53C8A427292DE48C00E6B9D1 /* Products */;
			projectDirPath = "";
			projectRoot = "";
			targets = (
				53C8A425292DE48C00E6B9D1 /* UnwindSeguePractice */,
				53C8A43E292DE48E00E6B9D1 /* UnwindSeguePracticeTests */,
				53C8A448292DE48E00E6B9D1 /* UnwindSeguePracticeUITests */,
			);
		};
/* End PBXProject section */

/* Begin PBXResourcesBuildPhase section */
		53C8A424292DE48C00E6B9D1 /* Resources */ = {
			isa = PBXResourcesBuildPhase;
			buildActionMask = 2147483647;
			files = (
				53C8A439292DE48E00E6B9D1 /* LaunchScreen.storyboard in Resources */,
				53C8A436292DE48E00E6B9D1 /* Assets.xcassets in Resources */,
				53C8A431292DE48C00E6B9D1 /* Main.storyboard in Resources */,
			);
			runOnlyForDeploymentPostprocessing = 0;
		};
		53C8A43D292DE48E00E6B9D1 /* Resources */ = {
			isa = PBXResourcesBuildPhase;
			buildActionMask = 2147483647;
			files = (
			);
			runOnlyForDeploymentPostprocessing = 0;
		};
		53C8A447292DE48E00E6B9D1 /* Resources */ = {
			isa = PBXResourcesBuildPhase;
			buildActionMask = 2147483647;
			files = (
			);
			runOnlyForDeploymentPostprocessing = 0;
		};
/* End PBXResourcesBuildPhase section */

/* Begin PBXSourcesBuildPhase section */
		53C8A422292DE48C00E6B9D1 /* Sources */ = {
			isa = PBXSourcesBuildPhase;
			buildActionMask = 2147483647;
			files = (
				535E0EDA297FFF4800B1DECC /* CoreDataEditProfileTableViewController.swift in Sources */,
				53C8A4652931ED0800E6B9D1 /* ProfileDetailTableViewController.swift in Sources */,
				53C8A4AC2935ED9500E6B9D1 /* DocumentsEditProfileTableViewController.swift in Sources */,
				53C8A42A292DE48C00E6B9D1 /* AppDelegate.swift in Sources */,
				53C8A4AE293602A600E6B9D1 /* DocumentsDetailProfileTableViewController.swift in Sources */,
				53C8A462292DEAC800E6B9D1 /* Profile.swift in Sources */,
				53C8A434292DE48C00E6B9D1 /* CoreDataProfile.xcdatamodeld in Sources */,
				535E0ED8297FFF3300B1DECC /* CoreDataProfileTableViewController.swift in Sources */,
				535E0EDC297FFF6000B1DECC /* CoreDataProfileDetailTableViewController.swift in Sources */,
				53C8A45D292DE4D300E6B9D1 /* ProfileTableViewController.swift in Sources */,
				53C8A45F292DE4E500E6B9D1 /* EditProfileTableViewController.swift in Sources */,
				53C8A4AA2935ED7500E6B9D1 /* DocumentsProfileTableViewController.swift in Sources */,
				53C8A42C292DE48C00E6B9D1 /* SceneDelegate.swift in Sources */,
			);
			runOnlyForDeploymentPostprocessing = 0;
		};
		53C8A43B292DE48E00E6B9D1 /* Sources */ = {
			isa = PBXSourcesBuildPhase;
			buildActionMask = 2147483647;
			files = (
			);
			runOnlyForDeploymentPostprocessing = 0;
		};
		53C8A445292DE48E00E6B9D1 /* Sources */ = {
			isa = PBXSourcesBuildPhase;
			buildActionMask = 2147483647;
			files = (
			);
			runOnlyForDeploymentPostprocessing = 0;
		};
/* End PBXSourcesBuildPhase section */

/* Begin PBXTargetDependency section */
		53C8A441292DE48E00E6B9D1 /* PBXTargetDependency */ = {
			isa = PBXTargetDependency;
			target = 53C8A425292DE48C00E6B9D1 /* UnwindSeguePractice */;
			targetProxy = 53C8A440292DE48E00E6B9D1 /* PBXContainerItemProxy */;
		};
		53C8A44B292DE48E00E6B9D1 /* PBXTargetDependency */ = {
			isa = PBXTargetDependency;
			target = 53C8A425292DE48C00E6B9D1 /* UnwindSeguePractice */;
			targetProxy = 53C8A44A292DE48E00E6B9D1 /* PBXContainerItemProxy */;
		};
/* End PBXTargetDependency section */

/* Begin PBXVariantGroup section */
		53C8A42F292DE48C00E6B9D1 /* Main.storyboard */ = {
			isa = PBXVariantGroup;
			children = (
				53C8A430292DE48C00E6B9D1 /* Base */,
			);
			name = Main.storyboard;
			sourceTree = "<group>";
		};
		53C8A437292DE48E00E6B9D1 /* LaunchScreen.storyboard */ = {
			isa = PBXVariantGroup;
			children = (
				53C8A438292DE48E00E6B9D1 /* Base */,
			);
			name = LaunchScreen.storyboard;
			sourceTree = "<group>";
		};
/* End PBXVariantGroup section */

/* Begin XCBuildConfiguration section */
		53C8A451292DE48E00E6B9D1 /* Debug */ = {
			isa = XCBuildConfiguration;
			buildSettings = {
				ALWAYS_SEARCH_USER_PATHS = NO;
				CLANG_ANALYZER_NONNULL = YES;
				CLANG_ANALYZER_NUMBER_OBJECT_CONVERSION = YES_AGGRESSIVE;
				CLANG_CXX_LANGUAGE_STANDARD = "gnu++20";
				CLANG_ENABLE_MODULES = YES;
				CLANG_ENABLE_OBJC_ARC = YES;
				CLANG_ENABLE_OBJC_WEAK = YES;
				CLANG_WARN_BLOCK_CAPTURE_AUTORELEASING = YES;
				CLANG_WARN_BOOL_CONVERSION = YES;
				CLANG_WARN_COMMA = YES;
				CLANG_WARN_CONSTANT_CONVERSION = YES;
				CLANG_WARN_DEPRECATED_OBJC_IMPLEMENTATIONS = YES;
				CLANG_WARN_DIRECT_OBJC_ISA_USAGE = YES_ERROR;
				CLANG_WARN_DOCUMENTATION_COMMENTS = YES;
				CLANG_WARN_EMPTY_BODY = YES;
				CLANG_WARN_ENUM_CONVERSION = YES;
				CLANG_WARN_INFINITE_RECURSION = YES;
				CLANG_WARN_INT_CONVERSION = YES;
				CLANG_WARN_NON_LITERAL_NULL_CONVERSION = YES;
				CLANG_WARN_OBJC_IMPLICIT_RETAIN_SELF = YES;
				CLANG_WARN_OBJC_LITERAL_CONVERSION = YES;
				CLANG_WARN_OBJC_ROOT_CLASS = YES_ERROR;
				CLANG_WARN_QUOTED_INCLUDE_IN_FRAMEWORK_HEADER = YES;
				CLANG_WARN_RANGE_LOOP_ANALYSIS = YES;
				CLANG_WARN_STRICT_PROTOTYPES = YES;
				CLANG_WARN_SUSPICIOUS_MOVE = YES;
				CLANG_WARN_UNGUARDED_AVAILABILITY = YES_AGGRESSIVE;
				CLANG_WARN_UNREACHABLE_CODE = YES;
				CLANG_WARN__DUPLICATE_METHOD_MATCH = YES;
				COPY_PHASE_STRIP = NO;
				DEBUG_INFORMATION_FORMAT = dwarf;
				ENABLE_STRICT_OBJC_MSGSEND = YES;
				ENABLE_TESTABILITY = YES;
				GCC_C_LANGUAGE_STANDARD = gnu11;
				GCC_DYNAMIC_NO_PIC = NO;
				GCC_NO_COMMON_BLOCKS = YES;
				GCC_OPTIMIZATION_LEVEL = 0;
				GCC_PREPROCESSOR_DEFINITIONS = (
					"DEBUG=1",
					"$(inherited)",
				);
				GCC_WARN_64_TO_32_BIT_CONVERSION = YES;
				GCC_WARN_ABOUT_RETURN_TYPE = YES_ERROR;
				GCC_WARN_UNDECLARED_SELECTOR = YES;
				GCC_WARN_UNINITIALIZED_AUTOS = YES_AGGRESSIVE;
				GCC_WARN_UNUSED_FUNCTION = YES;
				GCC_WARN_UNUSED_VARIABLE = YES;
				IPHONEOS_DEPLOYMENT_TARGET = 16.1;
				MTL_ENABLE_DEBUG_INFO = INCLUDE_SOURCE;
				MTL_FAST_MATH = YES;
				ONLY_ACTIVE_ARCH = YES;
				SDKROOT = iphoneos;
				SWIFT_ACTIVE_COMPILATION_CONDITIONS = DEBUG;
				SWIFT_OPTIMIZATION_LEVEL = "-Onone";
			};
			name = Debug;
		};
		53C8A452292DE48E00E6B9D1 /* Release */ = {
			isa = XCBuildConfiguration;
			buildSettings = {
				ALWAYS_SEARCH_USER_PATHS = NO;
				CLANG_ANALYZER_NONNULL = YES;
				CLANG_ANALYZER_NUMBER_OBJECT_CONVERSION = YES_AGGRESSIVE;
				CLANG_CXX_LANGUAGE_STANDARD = "gnu++20";
				CLANG_ENABLE_MODULES = YES;
				CLANG_ENABLE_OBJC_ARC = YES;
				CLANG_ENABLE_OBJC_WEAK = YES;
				CLANG_WARN_BLOCK_CAPTURE_AUTORELEASING = YES;
				CLANG_WARN_BOOL_CONVERSION = YES;
				CLANG_WARN_COMMA = YES;
				CLANG_WARN_CONSTANT_CONVERSION = YES;
				CLANG_WARN_DEPRECATED_OBJC_IMPLEMENTATIONS = YES;
				CLANG_WARN_DIRECT_OBJC_ISA_USAGE = YES_ERROR;
				CLANG_WARN_DOCUMENTATION_COMMENTS = YES;
				CLANG_WARN_EMPTY_BODY = YES;
				CLANG_WARN_ENUM_CONVERSION = YES;
				CLANG_WARN_INFINITE_RECURSION = YES;
				CLANG_WARN_INT_CONVERSION = YES;
				CLANG_WARN_NON_LITERAL_NULL_CONVERSION = YES;
				CLANG_WARN_OBJC_IMPLICIT_RETAIN_SELF = YES;
				CLANG_WARN_OBJC_LITERAL_CONVERSION = YES;
				CLANG_WARN_OBJC_ROOT_CLASS = YES_ERROR;
				CLANG_WARN_QUOTED_INCLUDE_IN_FRAMEWORK_HEADER = YES;
				CLANG_WARN_RANGE_LOOP_ANALYSIS = YES;
				CLANG_WARN_STRICT_PROTOTYPES = YES;
				CLANG_WARN_SUSPICIOUS_MOVE = YES;
				CLANG_WARN_UNGUARDED_AVAILABILITY = YES_AGGRESSIVE;
				CLANG_WARN_UNREACHABLE_CODE = YES;
				CLANG_WARN__DUPLICATE_METHOD_MATCH = YES;
				COPY_PHASE_STRIP = NO;
				DEBUG_INFORMATION_FORMAT = "dwarf-with-dsym";
				ENABLE_NS_ASSERTIONS = NO;
				ENABLE_STRICT_OBJC_MSGSEND = YES;
				GCC_C_LANGUAGE_STANDARD = gnu11;
				GCC_NO_COMMON_BLOCKS = YES;
				GCC_WARN_64_TO_32_BIT_CONVERSION = YES;
				GCC_WARN_ABOUT_RETURN_TYPE = YES_ERROR;
				GCC_WARN_UNDECLARED_SELECTOR = YES;
				GCC_WARN_UNINITIALIZED_AUTOS = YES_AGGRESSIVE;
				GCC_WARN_UNUSED_FUNCTION = YES;
				GCC_WARN_UNUSED_VARIABLE = YES;
				IPHONEOS_DEPLOYMENT_TARGET = 16.1;
				MTL_ENABLE_DEBUG_INFO = NO;
				MTL_FAST_MATH = YES;
				SDKROOT = iphoneos;
				SWIFT_COMPILATION_MODE = wholemodule;
				SWIFT_OPTIMIZATION_LEVEL = "-O";
				VALIDATE_PRODUCT = YES;
			};
			name = Release;
		};
		53C8A454292DE48E00E6B9D1 /* Debug */ = {
			isa = XCBuildConfiguration;
			buildSettings = {
				ASSETCATALOG_COMPILER_APPICON_NAME = AppIcon;
				ASSETCATALOG_COMPILER_GLOBAL_ACCENT_COLOR_NAME = AccentColor;
				CODE_SIGN_STYLE = Automatic;
				CURRENT_PROJECT_VERSION = 1;
				DEVELOPMENT_TEAM = K933FH7LZN;
				GENERATE_INFOPLIST_FILE = YES;
				INFOPLIST_FILE = UnwindSeguePractice/Info.plist;
				INFOPLIST_KEY_UIApplicationSupportsIndirectInputEvents = YES;
				INFOPLIST_KEY_UILaunchStoryboardName = LaunchScreen;
				INFOPLIST_KEY_UIMainStoryboardFile = Main;
				INFOPLIST_KEY_UISupportedInterfaceOrientations_iPad = "UIInterfaceOrientationPortrait UIInterfaceOrientationPortraitUpsideDown UIInterfaceOrientationLandscapeLeft UIInterfaceOrientationLandscapeRight";
				INFOPLIST_KEY_UISupportedInterfaceOrientations_iPhone = "UIInterfaceOrientationPortrait UIInterfaceOrientationLandscapeLeft UIInterfaceOrientationLandscapeRight";
				LD_RUNPATH_SEARCH_PATHS = (
					"$(inherited)",
					"@executable_path/Frameworks",
				);
				MARKETING_VERSION = 1.0;
				PRODUCT_BUNDLE_IDENTIFIER = lyc7485.UnwindSeguePractice;
				PRODUCT_NAME = "$(TARGET_NAME)";
				SWIFT_EMIT_LOC_STRINGS = YES;
				SWIFT_VERSION = 5.0;
				TARGETED_DEVICE_FAMILY = "1,2";
			};
			name = Debug;
		};
		53C8A455292DE48E00E6B9D1 /* Release */ = {
			isa = XCBuildConfiguration;
			buildSettings = {
				ASSETCATALOG_COMPILER_APPICON_NAME = AppIcon;
				ASSETCATALOG_COMPILER_GLOBAL_ACCENT_COLOR_NAME = AccentColor;
				CODE_SIGN_STYLE = Automatic;
				CURRENT_PROJECT_VERSION = 1;
				DEVELOPMENT_TEAM = K933FH7LZN;
				GENERATE_INFOPLIST_FILE = YES;
				INFOPLIST_FILE = UnwindSeguePractice/Info.plist;
				INFOPLIST_KEY_UIApplicationSupportsIndirectInputEvents = YES;
				INFOPLIST_KEY_UILaunchStoryboardName = LaunchScreen;
				INFOPLIST_KEY_UIMainStoryboardFile = Main;
				INFOPLIST_KEY_UISupportedInterfaceOrientations_iPad = "UIInterfaceOrientationPortrait UIInterfaceOrientationPortraitUpsideDown UIInterfaceOrientationLandscapeLeft UIInterfaceOrientationLandscapeRight";
				INFOPLIST_KEY_UISupportedInterfaceOrientations_iPhone = "UIInterfaceOrientationPortrait UIInterfaceOrientationLandscapeLeft UIInterfaceOrientationLandscapeRight";
				LD_RUNPATH_SEARCH_PATHS = (
					"$(inherited)",
					"@executable_path/Frameworks",
				);
				MARKETING_VERSION = 1.0;
				PRODUCT_BUNDLE_IDENTIFIER = lyc7485.UnwindSeguePractice;
				PRODUCT_NAME = "$(TARGET_NAME)";
				SWIFT_EMIT_LOC_STRINGS = YES;
				SWIFT_VERSION = 5.0;
				TARGETED_DEVICE_FAMILY = "1,2";
			};
			name = Release;
		};
		53C8A457292DE48E00E6B9D1 /* Debug */ = {
			isa = XCBuildConfiguration;
			buildSettings = {
				ALWAYS_EMBED_SWIFT_STANDARD_LIBRARIES = YES;
				BUNDLE_LOADER = "$(TEST_HOST)";
				CODE_SIGN_STYLE = Automatic;
				CURRENT_PROJECT_VERSION = 1;
				DEVELOPMENT_TEAM = K933FH7LZN;
				GENERATE_INFOPLIST_FILE = YES;
				IPHONEOS_DEPLOYMENT_TARGET = 16.1;
				MARKETING_VERSION = 1.0;
				PRODUCT_BUNDLE_IDENTIFIER = lyc7485.UnwindSeguePracticeTests;
				PRODUCT_NAME = "$(TARGET_NAME)";
				SWIFT_EMIT_LOC_STRINGS = NO;
				SWIFT_VERSION = 5.0;
				TARGETED_DEVICE_FAMILY = "1,2";
				TEST_HOST = "$(BUILT_PRODUCTS_DIR)/UnwindSeguePractice.app/$(BUNDLE_EXECUTABLE_FOLDER_PATH)/UnwindSeguePractice";
			};
			name = Debug;
		};
		53C8A458292DE48E00E6B9D1 /* Release */ = {
			isa = XCBuildConfiguration;
			buildSettings = {
				ALWAYS_EMBED_SWIFT_STANDARD_LIBRARIES = YES;
				BUNDLE_LOADER = "$(TEST_HOST)";
				CODE_SIGN_STYLE = Automatic;
				CURRENT_PROJECT_VERSION = 1;
				DEVELOPMENT_TEAM = K933FH7LZN;
				GENERATE_INFOPLIST_FILE = YES;
				IPHONEOS_DEPLOYMENT_TARGET = 16.1;
				MARKETING_VERSION = 1.0;
				PRODUCT_BUNDLE_IDENTIFIER = lyc7485.UnwindSeguePracticeTests;
				PRODUCT_NAME = "$(TARGET_NAME)";
				SWIFT_EMIT_LOC_STRINGS = NO;
				SWIFT_VERSION = 5.0;
				TARGETED_DEVICE_FAMILY = "1,2";
				TEST_HOST = "$(BUILT_PRODUCTS_DIR)/UnwindSeguePractice.app/$(BUNDLE_EXECUTABLE_FOLDER_PATH)/UnwindSeguePractice";
			};
			name = Release;
		};
		53C8A45A292DE48E00E6B9D1 /* Debug */ = {
			isa = XCBuildConfiguration;
			buildSettings = {
				ALWAYS_EMBED_SWIFT_STANDARD_LIBRARIES = YES;
				CODE_SIGN_STYLE = Automatic;
				CURRENT_PROJECT_VERSION = 1;
				DEVELOPMENT_TEAM = K933FH7LZN;
				GENERATE_INFOPLIST_FILE = YES;
				MARKETING_VERSION = 1.0;
				PRODUCT_BUNDLE_IDENTIFIER = lyc7485.UnwindSeguePracticeUITests;
				PRODUCT_NAME = "$(TARGET_NAME)";
				SWIFT_EMIT_LOC_STRINGS = NO;
				SWIFT_VERSION = 5.0;
				TARGETED_DEVICE_FAMILY = "1,2";
				TEST_TARGET_NAME = UnwindSeguePractice;
			};
			name = Debug;
		};
		53C8A45B292DE48E00E6B9D1 /* Release */ = {
			isa = XCBuildConfiguration;
			buildSettings = {
				ALWAYS_EMBED_SWIFT_STANDARD_LIBRARIES = YES;
				CODE_SIGN_STYLE = Automatic;
				CURRENT_PROJECT_VERSION = 1;
				DEVELOPMENT_TEAM = K933FH7LZN;
				GENERATE_INFOPLIST_FILE = YES;
				MARKETING_VERSION = 1.0;
				PRODUCT_BUNDLE_IDENTIFIER = lyc7485.UnwindSeguePracticeUITests;
				PRODUCT_NAME = "$(TARGET_NAME)";
				SWIFT_EMIT_LOC_STRINGS = NO;
				SWIFT_VERSION = 5.0;
				TARGETED_DEVICE_FAMILY = "1,2";
				TEST_TARGET_NAME = UnwindSeguePractice;
			};
			name = Release;
		};
/* End XCBuildConfiguration section */

/* Begin XCConfigurationList section */
		53C8A421292DE48C00E6B9D1 /* Build configuration list for PBXProject "UnwindSeguePractice" */ = {
			isa = XCConfigurationList;
			buildConfigurations = (
				53C8A451292DE48E00E6B9D1 /* Debug */,
				53C8A452292DE48E00E6B9D1 /* Release */,
			);
			defaultConfigurationIsVisible = 0;
			defaultConfigurationName = Release;
		};
		53C8A453292DE48E00E6B9D1 /* Build configuration list for PBXNativeTarget "UnwindSeguePractice" */ = {
			isa = XCConfigurationList;
			buildConfigurations = (
				53C8A454292DE48E00E6B9D1 /* Debug */,
				53C8A455292DE48E00E6B9D1 /* Release */,
			);
			defaultConfigurationIsVisible = 0;
			defaultConfigurationName = Release;
		};
		53C8A456292DE48E00E6B9D1 /* Build configuration list for PBXNativeTarget "UnwindSeguePracticeTests" */ = {
			isa = XCConfigurationList;
			buildConfigurations = (
				53C8A457292DE48E00E6B9D1 /* Debug */,
				53C8A458292DE48E00E6B9D1 /* Release */,
			);
			defaultConfigurationIsVisible = 0;
			defaultConfigurationName = Release;
		};
		53C8A459292DE48E00E6B9D1 /* Build configuration list for PBXNativeTarget "UnwindSeguePracticeUITests" */ = {
			isa = XCConfigurationList;
			buildConfigurations = (
				53C8A45A292DE48E00E6B9D1 /* Debug */,
				53C8A45B292DE48E00E6B9D1 /* Release */,
			);
			defaultConfigurationIsVisible = 0;
			defaultConfigurationName = Release;
		};
/* End XCConfigurationList section */

/* Begin XCVersionGroup section */
		53C8A432292DE48C00E6B9D1 /* CoreDataProfile.xcdatamodeld */ = {
			isa = XCVersionGroup;
			children = (
				53C8A433292DE48C00E6B9D1 /* UnwindSeguePractice.xcdatamodel */,
			);
			currentVersion = 53C8A433292DE48C00E6B9D1 /* UnwindSeguePractice.xcdatamodel */;
			path = CoreDataProfile.xcdatamodeld;
			sourceTree = "<group>";
			versionGroupType = wrapper.xcdatamodel;
		};
/* End XCVersionGroup section */
	};
	rootObject = 53C8A41E292DE48C00E6B9D1 /* Project object */;
}
